
Microsoft Visual Studio Solution File, Format Version 12.00
# Visual Studio 15
VisualStudioVersion = 15.0.27130.2036
MinimumVisualStudioVersion = 10.0.40219.1
Project("{FAE04EC0-301F-11D3-BF4B-00C04F79EFBC}") = "Bezier", "Bezier\Bezier.csproj", "{B5EB4C8A-4DDB-4FF7-B0E9-048A0FE727AA}"
EndProject
Global
	GlobalSection(SolutionConfigurationPlatforms) = preSolution
		Debug|Any CPU = Debug|Any CPU
		Release|Any CPU = Release|Any CPU
	EndGlobalSection
	GlobalSection(ProjectConfigurationPlatforms) = postSolution
		{B5EB4C8A-4DDB-4FF7-B0E9-048A0FE727AA}.Debug|Any CPU.ActiveCfg = Debug|Any CPU
		{B5EB4C8A-4DDB-4FF7-B0E9-048A0FE727AA}.Debug|Any CPU.Build.0 = Debug|Any CPU
		{B5EB4C8A-4DDB-4FF7-B0E9-048A0FE727AA}.Release|Any CPU.ActiveCfg = Release|Any CPU
		{B5EB4C8A-4DDB-4FF7-B0E9-048A0FE727AA}.Release|Any CPU.Build.0 = Release|Any CPU
	EndGlobalSection
	GlobalSection(SolutionProperties) = preSolution
		HideSolutionNode = FALSE
	EndGlobalSection
	GlobalSection(ExtensibilityGlobals) = postSolution
		SolutionGuid = {876C7A28-FFB7-4F7C-80EC-4C439BF6ED0A}
	EndGlobalSection
EndGlobal
