
Microsoft Visual Studio Solution File, Format Version 12.00
# Visual Studio 15
VisualStudioVersion = 15.0.27130.2036
MinimumVisualStudioVersion = 10.0.40219.1
Project("{FAE04EC0-301F-11D3-BF4B-00C04F79EFBC}") = "ScanConversion", "ScanConversion\ScanConversion.csproj", "{6ECC1E9B-1C22-4B37-8BBB-9019824F11A7}"
EndProject
Global
	GlobalSection(SolutionConfigurationPlatforms) = preSolution
		Debug|Any CPU = Debug|Any CPU
		Release|Any CPU = Release|Any CPU
	EndGlobalSection
	GlobalSection(ProjectConfigurationPlatforms) = postSolution
		{6ECC1E9B-1C22-4B37-8BBB-9019824F11A7}.Debug|Any CPU.ActiveCfg = Debug|Any CPU
		{6ECC1E9B-1C22-4B37-8BBB-9019824F11A7}.Debug|Any CPU.Build.0 = Debug|Any CPU
		{6ECC1E9B-1C22-4B37-8BBB-9019824F11A7}.Release|Any CPU.ActiveCfg = Release|Any CPU
		{6ECC1E9B-1C22-4B37-8BBB-9019824F11A7}.Release|Any CPU.Build.0 = Release|Any CPU
	EndGlobalSection
	GlobalSection(SolutionProperties) = preSolution
		HideSolutionNode = FALSE
	EndGlobalSection
	GlobalSection(ExtensibilityGlobals) = postSolution
		SolutionGuid = {A1993E58-B676-4D8A-831A-388A818236B7}
	EndGlobalSection
EndGlobal
